// !$*UTF8*$!
{
	archiveVersion = 1;
	classes = {
	};
	objectVersion = 50;
	objects = {

/* Begin PBXBuildFile section */
		E22E728A2682FFB20064EA6A /* FructusApp.swift in Sources */ = {isa = PBXBuildFile; fileRef = E22E72892682FFB20064EA6A /* FructusApp.swift */; };
		E22E728C2682FFB20064EA6A /* ContentView.swift in Sources */ = {isa = PBXBuildFile; fileRef = E22E728B2682FFB20064EA6A /* ContentView.swift */; };
		E22E728E2682FFB30064EA6A /* Assets.xcassets in Resources */ = {isa = PBXBuildFile; fileRef = E22E728D2682FFB30064EA6A /* Assets.xcassets */; };
		E22E72912682FFB30064EA6A /* Preview Assets.xcassets in Resources */ = {isa = PBXBuildFile; fileRef = E22E72902682FFB30064EA6A /* Preview Assets.xcassets */; };
		E22E729B26830C910064EA6A /* FruitCardView.swift in Sources */ = {isa = PBXBuildFile; fileRef = E22E729A26830C910064EA6A /* FruitCardView.swift */; };
		E22E729D268318EA0064EA6A /* StartButtonView.swift in Sources */ = {isa = PBXBuildFile; fileRef = E22E729C268318EA0064EA6A /* StartButtonView.swift */; };
		E22E729F26831BA60064EA6A /* OnboardingView.swift in Sources */ = {isa = PBXBuildFile; fileRef = E22E729E26831BA60064EA6A /* OnboardingView.swift */; };
		E22E72A226831EAB0064EA6A /* Fruit.swift in Sources */ = {isa = PBXBuildFile; fileRef = E22E72A126831EAB0064EA6A /* Fruit.swift */; };
		E22E72A526831F820064EA6A /* FruitData.swift in Sources */ = {isa = PBXBuildFile; fileRef = E22E72A426831F820064EA6A /* FruitData.swift */; };
		E22E72A82683228B0064EA6A /* Color+Extension.swift in Sources */ = {isa = PBXBuildFile; fileRef = E22E72A72683228B0064EA6A /* Color+Extension.swift */; };
		E22E72AA268371A00064EA6A /* FruitRowView.swift in Sources */ = {isa = PBXBuildFile; fileRef = E22E72A9268371A00064EA6A /* FruitRowView.swift */; };
		E2FEB07526844BE200EB0239 /* FruitDetailView.swift in Sources */ = {isa = PBXBuildFile; fileRef = E2FEB07426844BE200EB0239 /* FruitDetailView.swift */; };
		E2FEB07726844EBE00EB0239 /* FruitHeaderView.swift in Sources */ = {isa = PBXBuildFile; fileRef = E2FEB07626844EBE00EB0239 /* FruitHeaderView.swift */; };
		E2FEB079268450DB00EB0239 /* SourceLinkView.swift in Sources */ = {isa = PBXBuildFile; fileRef = E2FEB078268450DB00EB0239 /* SourceLinkView.swift */; };
/* End PBXBuildFile section */

/* Begin PBXFileReference section */
		E22E72862682FFB20064EA6A /* Fructus.app */ = {isa = PBXFileReference; explicitFileType = wrapper.application; includeInIndex = 0; path = Fructus.app; sourceTree = BUILT_PRODUCTS_DIR; };
		E22E72892682FFB20064EA6A /* FructusApp.swift */ = {isa = PBXFileReference; lastKnownFileType = sourcecode.swift; path = FructusApp.swift; sourceTree = "<group>"; };
		E22E728B2682FFB20064EA6A /* ContentView.swift */ = {isa = PBXFileReference; lastKnownFileType = sourcecode.swift; path = ContentView.swift; sourceTree = "<group>"; };
		E22E728D2682FFB30064EA6A /* Assets.xcassets */ = {isa = PBXFileReference; lastKnownFileType = folder.assetcatalog; path = Assets.xcassets; sourceTree = "<group>"; };
		E22E72902682FFB30064EA6A /* Preview Assets.xcassets */ = {isa = PBXFileReference; lastKnownFileType = folder.assetcatalog; path = "Preview Assets.xcassets"; sourceTree = "<group>"; };
		E22E72922682FFB30064EA6A /* Info.plist */ = {isa = PBXFileReference; lastKnownFileType = text.plist.xml; path = Info.plist; sourceTree = "<group>"; };
		E22E729A26830C910064EA6A /* FruitCardView.swift */ = {isa = PBXFileReference; lastKnownFileType = sourcecode.swift; path = FruitCardView.swift; sourceTree = "<group>"; };
		E22E729C268318EA0064EA6A /* StartButtonView.swift */ = {isa = PBXFileReference; lastKnownFileType = sourcecode.swift; path = StartButtonView.swift; sourceTree = "<group>"; };
		E22E729E26831BA60064EA6A /* OnboardingView.swift */ = {isa = PBXFileReference; lastKnownFileType = sourcecode.swift; path = OnboardingView.swift; sourceTree = "<group>"; };
		E22E72A126831EAB0064EA6A /* Fruit.swift */ = {isa = PBXFileReference; lastKnownFileType = sourcecode.swift; path = Fruit.swift; sourceTree = "<group>"; };
		E22E72A426831F820064EA6A /* FruitData.swift */ = {isa = PBXFileReference; lastKnownFileType = sourcecode.swift; path = FruitData.swift; sourceTree = "<group>"; };
		E22E72A72683228B0064EA6A /* Color+Extension.swift */ = {isa = PBXFileReference; lastKnownFileType = sourcecode.swift; path = "Color+Extension.swift"; sourceTree = "<group>"; };
		E22E72A9268371A00064EA6A /* FruitRowView.swift */ = {isa = PBXFileReference; lastKnownFileType = sourcecode.swift; path = FruitRowView.swift; sourceTree = "<group>"; };
		E2FEB07426844BE200EB0239 /* FruitDetailView.swift */ = {isa = PBXFileReference; lastKnownFileType = sourcecode.swift; path = FruitDetailView.swift; sourceTree = "<group>"; };
		E2FEB07626844EBE00EB0239 /* FruitHeaderView.swift */ = {isa = PBXFileReference; lastKnownFileType = sourcecode.swift; path = FruitHeaderView.swift; sourceTree = "<group>"; };
		E2FEB078268450DB00EB0239 /* SourceLinkView.swift */ = {isa = PBXFileReference; lastKnownFileType = sourcecode.swift; path = SourceLinkView.swift; sourceTree = "<group>"; };
/* End PBXFileReference section */

/* Begin PBXFrameworksBuildPhase section */
		E22E72832682FFB20064EA6A /* Frameworks */ = {
			isa = PBXFrameworksBuildPhase;
			buildActionMask = 2147483647;
			files = (
			);
			runOnlyForDeploymentPostprocessing = 0;
		};
/* End PBXFrameworksBuildPhase section */

/* Begin PBXGroup section */
		E22E727D2682FFB20064EA6A = {
			isa = PBXGroup;
			children = (
				E22E72882682FFB20064EA6A /* Fructus */,
				E22E72872682FFB20064EA6A /* Products */,
			);
			sourceTree = "<group>";
		};
		E22E72872682FFB20064EA6A /* Products */ = {
			isa = PBXGroup;
			children = (
				E22E72862682FFB20064EA6A /* Fructus.app */,
			);
			name = Products;
			sourceTree = "<group>";
		};
		E22E72882682FFB20064EA6A /* Fructus */ = {
			isa = PBXGroup;
			children = (
				E22E72A6268322740064EA6A /* Extension */,
				E22E72A326831F6F0064EA6A /* Data */,
				E22E72A026831E8E0064EA6A /* Model */,
				E22E729926830C3D0064EA6A /* View */,
				E22E729826830C1D0064EA6A /* App */,
				E22E728D2682FFB30064EA6A /* Assets.xcassets */,
				E22E72922682FFB30064EA6A /* Info.plist */,
				E22E728F2682FFB30064EA6A /* Preview Content */,
			);
			path = Fructus;
			sourceTree = "<group>";
		};
		E22E728F2682FFB30064EA6A /* Preview Content */ = {
			isa = PBXGroup;
			children = (
				E22E72902682FFB30064EA6A /* Preview Assets.xcassets */,
			);
			path = "Preview Content";
			sourceTree = "<group>";
		};
		E22E729826830C1D0064EA6A /* App */ = {
			isa = PBXGroup;
			children = (
				E22E72892682FFB20064EA6A /* FructusApp.swift */,
				E22E728B2682FFB20064EA6A /* ContentView.swift */,
				E22E729E26831BA60064EA6A /* OnboardingView.swift */,
				E2FEB07426844BE200EB0239 /* FruitDetailView.swift */,
			);
			path = App;
			sourceTree = "<group>";
		};
		E22E729926830C3D0064EA6A /* View */ = {
			isa = PBXGroup;
			children = (
				E22E729A26830C910064EA6A /* FruitCardView.swift */,
				E2FEB07626844EBE00EB0239 /* FruitHeaderView.swift */,
				E22E72A9268371A00064EA6A /* FruitRowView.swift */,
				E22E729C268318EA0064EA6A /* StartButtonView.swift */,
				E2FEB078268450DB00EB0239 /* SourceLinkView.swift */,
			);
			path = View;
			sourceTree = "<group>";
		};
		E22E72A026831E8E0064EA6A /* Model */ = {
			isa = PBXGroup;
			children = (
				E22E72A126831EAB0064EA6A /* Fruit.swift */,
			);
			path = Model;
			sourceTree = "<group>";
		};
		E22E72A326831F6F0064EA6A /* Data */ = {
			isa = PBXGroup;
			children = (
				E22E72A426831F820064EA6A /* FruitData.swift */,
			);
			path = Data;
			sourceTree = "<group>";
		};
		E22E72A6268322740064EA6A /* Extension */ = {
			isa = PBXGroup;
			children = (
				E22E72A72683228B0064EA6A /* Color+Extension.swift */,
			);
			path = Extension;
			sourceTree = "<group>";
		};
/* End PBXGroup section */

/* Begin PBXNativeTarget section */
		E22E72852682FFB20064EA6A /* Fructus */ = {
			isa = PBXNativeTarget;
			buildConfigurationList = E22E72952682FFB30064EA6A /* Build configuration list for PBXNativeTarget "Fructus" */;
			buildPhases = (
				E22E72822682FFB20064EA6A /* Sources */,
				E22E72832682FFB20064EA6A /* Frameworks */,
				E22E72842682FFB20064EA6A /* Resources */,
			);
			buildRules = (
			);
			dependencies = (
			);
			name = Fructus;
			productName = Fructus;
			productReference = E22E72862682FFB20064EA6A /* Fructus.app */;
			productType = "com.apple.product-type.application";
		};
/* End PBXNativeTarget section */

/* Begin PBXProject section */
		E22E727E2682FFB20064EA6A /* Project object */ = {
			isa = PBXProject;
			attributes = {
				LastSwiftUpdateCheck = 1250;
				LastUpgradeCheck = 1250;
				TargetAttributes = {
					E22E72852682FFB20064EA6A = {
						CreatedOnToolsVersion = 12.5;
					};
				};
			};
			buildConfigurationList = E22E72812682FFB20064EA6A /* Build configuration list for PBXProject "Fructus" */;
			compatibilityVersion = "Xcode 9.3";
			developmentRegion = en;
			hasScannedForEncodings = 0;
			knownRegions = (
				en,
				Base,
			);
			mainGroup = E22E727D2682FFB20064EA6A;
			productRefGroup = E22E72872682FFB20064EA6A /* Products */;
			projectDirPath = "";
			projectRoot = "";
			targets = (
				E22E72852682FFB20064EA6A /* Fructus */,
			);
		};
/* End PBXProject section */

/* Begin PBXResourcesBuildPhase section */
		E22E72842682FFB20064EA6A /* Resources */ = {
			isa = PBXResourcesBuildPhase;
			buildActionMask = 2147483647;
			files = (
				E22E72912682FFB30064EA6A /* Preview Assets.xcassets in Resources */,
				E22E728E2682FFB30064EA6A /* Assets.xcassets in Resources */,
			);
			runOnlyForDeploymentPostprocessing = 0;
		};
/* End PBXResourcesBuildPhase section */

/* Begin PBXSourcesBuildPhase section */
		E22E72822682FFB20064EA6A /* Sources */ = {
			isa = PBXSourcesBuildPhase;
			buildActionMask = 2147483647;
			files = (
				E22E72A526831F820064EA6A /* FruitData.swift in Sources */,
				E22E72A226831EAB0064EA6A /* Fruit.swift in Sources */,
				E2FEB07526844BE200EB0239 /* FruitDetailView.swift in Sources */,
				E22E72AA268371A00064EA6A /* FruitRowView.swift in Sources */,
				E22E729B26830C910064EA6A /* FruitCardView.swift in Sources */,
				E22E729D268318EA0064EA6A /* StartButtonView.swift in Sources */,
				E22E728C2682FFB20064EA6A /* ContentView.swift in Sources */,
				E2FEB07726844EBE00EB0239 /* FruitHeaderView.swift in Sources */,
				E22E729F26831BA60064EA6A /* OnboardingView.swift in Sources */,
				E2FEB079268450DB00EB0239 /* SourceLinkView.swift in Sources */,
				E22E728A2682FFB20064EA6A /* FructusApp.swift in Sources */,
				E22E72A82683228B0064EA6A /* Color+Extension.swift in Sources */,
			);
			runOnlyForDeploymentPostprocessing = 0;
		};
/* End PBXSourcesBuildPhase section */

/* Begin XCBuildConfiguration section */
		E22E72932682FFB30064EA6A /* Debug */ = {
			isa = XCBuildConfiguration;
			buildSettings = {
				ALWAYS_SEARCH_USER_PATHS = NO;
				CLANG_ANALYZER_NONNULL = YES;
				CLANG_ANALYZER_NUMBER_OBJECT_CONVERSION = YES_AGGRESSIVE;
				CLANG_CXX_LANGUAGE_STANDARD = "gnu++14";
				CLANG_CXX_LIBRARY = "libc++";
				CLANG_ENABLE_MODULES = YES;
				CLANG_ENABLE_OBJC_ARC = YES;
				CLANG_ENABLE_OBJC_WEAK = YES;
				CLANG_WARN_BLOCK_CAPTURE_AUTORELEASING = YES;
				CLANG_WARN_BOOL_CONVERSION = YES;
				CLANG_WARN_COMMA = YES;
				CLANG_WARN_CONSTANT_CONVERSION = YES;
				CLANG_WARN_DEPRECATED_OBJC_IMPLEMENTATIONS = YES;
				CLANG_WARN_DIRECT_OBJC_ISA_USAGE = YES_ERROR;
				CLANG_WARN_DOCUMENTATION_COMMENTS = YES;
				CLANG_WARN_EMPTY_BODY = YES;
				CLANG_WARN_ENUM_CONVERSION = YES;
				CLANG_WARN_INFINITE_RECURSION = YES;
				CLANG_WARN_INT_CONVERSION = YES;
				CLANG_WARN_NON_LITERAL_NULL_CONVERSION = YES;
				CLANG_WARN_OBJC_IMPLICIT_RETAIN_SELF = YES;
				CLANG_WARN_OBJC_LITERAL_CONVERSION = YES;
				CLANG_WARN_OBJC_ROOT_CLASS = YES_ERROR;
				CLANG_WARN_QUOTED_INCLUDE_IN_FRAMEWORK_HEADER = YES;
				CLANG_WARN_RANGE_LOOP_ANALYSIS = YES;
				CLANG_WARN_STRICT_PROTOTYPES = YES;
				CLANG_WARN_SUSPICIOUS_MOVE = YES;
				CLANG_WARN_UNGUARDED_AVAILABILITY = YES_AGGRESSIVE;
				CLANG_WARN_UNREACHABLE_CODE = YES;
				CLANG_WARN__DUPLICATE_METHOD_MATCH = YES;
				COPY_PHASE_STRIP = NO;
				DEBUG_INFORMATION_FORMAT = dwarf;
				ENABLE_STRICT_OBJC_MSGSEND = YES;
				ENABLE_TESTABILITY = YES;
				GCC_C_LANGUAGE_STANDARD = gnu11;
				GCC_DYNAMIC_NO_PIC = NO;
				GCC_NO_COMMON_BLOCKS = YES;
				GCC_OPTIMIZATION_LEVEL = 0;
				GCC_PREPROCESSOR_DEFINITIONS = (
					"DEBUG=1",
					"$(inherited)",
				);
				GCC_WARN_64_TO_32_BIT_CONVERSION = YES;
				GCC_WARN_ABOUT_RETURN_TYPE = YES_ERROR;
				GCC_WARN_UNDECLARED_SELECTOR = YES;
				GCC_WARN_UNINITIALIZED_AUTOS = YES_AGGRESSIVE;
				GCC_WARN_UNUSED_FUNCTION = YES;
				GCC_WARN_UNUSED_VARIABLE = YES;
				IPHONEOS_DEPLOYMENT_TARGET = 14.5;
				MTL_ENABLE_DEBUG_INFO = INCLUDE_SOURCE;
				MTL_FAST_MATH = YES;
				ONLY_ACTIVE_ARCH = YES;
				SDKROOT = iphoneos;
				SWIFT_ACTIVE_COMPILATION_CONDITIONS = DEBUG;
				SWIFT_OPTIMIZATION_LEVEL = "-Onone";
			};
			name = Debug;
		};
		E22E72942682FFB30064EA6A /* Release */ = {
			isa = XCBuildConfiguration;
			buildSettings = {
				ALWAYS_SEARCH_USER_PATHS = NO;
				CLANG_ANALYZER_NONNULL = YES;
				CLANG_ANALYZER_NUMBER_OBJECT_CONVERSION = YES_AGGRESSIVE;
				CLANG_CXX_LANGUAGE_STANDARD = "gnu++14";
				CLANG_CXX_LIBRARY = "libc++";
				CLANG_ENABLE_MODULES = YES;
				CLANG_ENABLE_OBJC_ARC = YES;
				CLANG_ENABLE_OBJC_WEAK = YES;
				CLANG_WARN_BLOCK_CAPTURE_AUTORELEASING = YES;
				CLANG_WARN_BOOL_CONVERSION = YES;
				CLANG_WARN_COMMA = YES;
				CLANG_WARN_CONSTANT_CONVERSION = YES;
				CLANG_WARN_DEPRECATED_OBJC_IMPLEMENTATIONS = YES;
				CLANG_WARN_DIRECT_OBJC_ISA_USAGE = YES_ERROR;
				CLANG_WARN_DOCUMENTATION_COMMENTS = YES;
				CLANG_WARN_EMPTY_BODY = YES;
				CLANG_WARN_ENUM_CONVERSION = YES;
				CLANG_WARN_INFINITE_RECURSION = YES;
				CLANG_WARN_INT_CONVERSION = YES;
				CLANG_WARN_NON_LITERAL_NULL_CONVERSION = YES;
				CLANG_WARN_OBJC_IMPLICIT_RETAIN_SELF = YES;
				CLANG_WARN_OBJC_LITERAL_CONVERSION = YES;
				CLANG_WARN_OBJC_ROOT_CLASS = YES_ERROR;
				CLANG_WARN_QUOTED_INCLUDE_IN_FRAMEWORK_HEADER = YES;
				CLANG_WARN_RANGE_LOOP_ANALYSIS = YES;
				CLANG_WARN_STRICT_PROTOTYPES = YES;
				CLANG_WARN_SUSPICIOUS_MOVE = YES;
				CLANG_WARN_UNGUARDED_AVAILABILITY = YES_AGGRESSIVE;
				CLANG_WARN_UNREACHABLE_CODE = YES;
				CLANG_WARN__DUPLICATE_METHOD_MATCH = YES;
				COPY_PHASE_STRIP = NO;
				DEBUG_INFORMATION_FORMAT = "dwarf-with-dsym";
				ENABLE_NS_ASSERTIONS = NO;
				ENABLE_STRICT_OBJC_MSGSEND = YES;
				GCC_C_LANGUAGE_STANDARD = gnu11;
				GCC_NO_COMMON_BLOCKS = YES;
				GCC_WARN_64_TO_32_BIT_CONVERSION = YES;
				GCC_WARN_ABOUT_RETURN_TYPE = YES_ERROR;
				GCC_WARN_UNDECLARED_SELECTOR = YES;
				GCC_WARN_UNINITIALIZED_AUTOS = YES_AGGRESSIVE;
				GCC_WARN_UNUSED_FUNCTION = YES;
				GCC_WARN_UNUSED_VARIABLE = YES;
				IPHONEOS_DEPLOYMENT_TARGET = 14.5;
				MTL_ENABLE_DEBUG_INFO = NO;
				MTL_FAST_MATH = YES;
				SDKROOT = iphoneos;
				SWIFT_COMPILATION_MODE = wholemodule;
				SWIFT_OPTIMIZATION_LEVEL = "-O";
				VALIDATE_PRODUCT = YES;
			};
			name = Release;
		};
		E22E72962682FFB30064EA6A /* Debug */ = {
			isa = XCBuildConfiguration;
			buildSettings = {
				ASSETCATALOG_COMPILER_APPICON_NAME = AppIcon;
				ASSETCATALOG_COMPILER_GLOBAL_ACCENT_COLOR_NAME = AccentColor;
				CODE_SIGN_STYLE = Automatic;
				DEVELOPMENT_ASSET_PATHS = "\"Fructus/Preview Content\"";
				DEVELOPMENT_TEAM = 934NVR3K3Z;
				ENABLE_PREVIEWS = YES;
				INFOPLIST_FILE = Fructus/Info.plist;
				IPHONEOS_DEPLOYMENT_TARGET = 14.0;
				LD_RUNPATH_SEARCH_PATHS = (
					"$(inherited)",
					"@executable_path/Frameworks",
				);
				PRODUCT_BUNDLE_IDENTIFIER = com.swiftuimasterclass.Fructus;
				PRODUCT_NAME = "$(TARGET_NAME)";
				SWIFT_VERSION = 5.0;
				TARGETED_DEVICE_FAMILY = "1,2";
			};
			name = Debug;
		};
		E22E72972682FFB30064EA6A /* Release */ = {
			isa = XCBuildConfiguration;
			buildSettings = {
				ASSETCATALOG_COMPILER_APPICON_NAME = AppIcon;
				ASSETCATALOG_COMPILER_GLOBAL_ACCENT_COLOR_NAME = AccentColor;
				CODE_SIGN_STYLE = Automatic;
				DEVELOPMENT_ASSET_PATHS = "\"Fructus/Preview Content\"";
				DEVELOPMENT_TEAM = 934NVR3K3Z;
				ENABLE_PREVIEWS = YES;
				INFOPLIST_FILE = Fructus/Info.plist;
				IPHONEOS_DEPLOYMENT_TARGET = 14.0;
				LD_RUNPATH_SEARCH_PATHS = (
					"$(inherited)",
					"@executable_path/Frameworks",
				);
				PRODUCT_BUNDLE_IDENTIFIER = com.swiftuimasterclass.Fructus;
				PRODUCT_NAME = "$(TARGET_NAME)";
				SWIFT_VERSION = 5.0;
				TARGETED_DEVICE_FAMILY = "1,2";
			};
			name = Release;
		};
/* End XCBuildConfiguration section */

/* Begin XCConfigurationList section */
		E22E72812682FFB20064EA6A /* Build configuration list for PBXProject "Fructus" */ = {
			isa = XCConfigurationList;
			buildConfigurations = (
				E22E72932682FFB30064EA6A /* Debug */,
				E22E72942682FFB30064EA6A /* Release */,
			);
			defaultConfigurationIsVisible = 0;
			defaultConfigurationName = Release;
		};
		E22E72952682FFB30064EA6A /* Build configuration list for PBXNativeTarget "Fructus" */ = {
			isa = XCConfigurationList;
			buildConfigurations = (
				E22E72962682FFB30064EA6A /* Debug */,
				E22E72972682FFB30064EA6A /* Release */,
			);
			defaultConfigurationIsVisible = 0;
			defaultConfigurationName = Release;
		};
/* End XCConfigurationList section */
	};
	rootObject = E22E727E2682FFB20064EA6A /* Project object */;
}
